
Microsoft Visual Studio Solution File, Format Version 12.00
# Visual Studio Version 17
VisualStudioVersion = 17.4.33205.214
MinimumVisualStudioVersion = 10.0.40219.1
Project("{2150E333-8FDC-42A3-9474-1A3956D46DE8}") = "01.Entity Framework Introduction", "01.Entity Framework Introduction", "{7445AB09-E08B-47A8-A264-E7DF81D19F9D}"
EndProject
Project("{9A19103F-16F7-4668-BE54-9A1E7A4F7556}") = "02. Database First", "02. Database First\02. Database First.csproj", "{88B6A134-8D22-4A9A-B546-0325B73B75A4}"
EndProject
Project("{9A19103F-16F7-4668-BE54-9A1E7A4F7556}") = "03. Employees Full Information", "03. Employees Full Information\03. Employees Full Information.csproj", "{D16D256C-110F-4B5E-866F-DB590549C6CF}"
EndProject
Project("{2150E333-8FDC-42A3-9474-1A3956D46DE8}") = "ADO.NET", "ADO.NET", "{0B3401EF-041B-48A2-8070-EEA1B8F3A8C1}"
EndProject
Project("{9A19103F-16F7-4668-BE54-9A1E7A4F7556}") = "05. Employees from Research and Development", "05. Employees from Research and Development\05. Employees from Research and Development.csproj", "{15F3791C-9E10-4857-A279-CD2F8283BAF1}"
EndProject
Project("{2150E333-8FDC-42A3-9474-1A3956D46DE8}") = "02.Entity Relations", "02.Entity Relations", "{D8282476-C6B1-405A-BC9B-7719343FCE4A}"
EndProject
Project("{2150E333-8FDC-42A3-9474-1A3956D46DE8}") = "03.LINQ", "03.LINQ", "{6F81E833-37B1-40AD-B99D-2DDEDA926096}"
EndProject
Project("{9A19103F-16F7-4668-BE54-9A1E7A4F7556}") = "01. MusicHub Database", "01. MusicHub Database\01. MusicHub Database.csproj", "{AA61BC3B-D5B8-4A9A-88D5-59562450C53B}"
EndProject
Project("{9A19103F-16F7-4668-BE54-9A1E7A4F7556}") = "02. Albums Info", "02. Albums Info\02. Albums Info.csproj", "{3A0F695A-035B-4450-9919-B689811A63C8}"
EndProject
Project("{9A19103F-16F7-4668-BE54-9A1E7A4F7556}") = "03. Songs Above Duration", "03. Songs Above Duration\03. Songs Above Duration.csproj", "{2364C693-1DF8-4967-B6C5-1316C10B0294}"
EndProject
Project("{2150E333-8FDC-42A3-9474-1A3956D46DE8}") = "04.Advanced Querying", "04.Advanced Querying", "{89D198E6-F041-45F6-A62F-3BF7282954E8}"
EndProject
Project("{9A19103F-16F7-4668-BE54-9A1E7A4F7556}") = "2. Age Restriction", "2. Age Restriction\2. Age Restriction.csproj", "{23FB05F3-1210-4055-AB1E-FEEB7872088F}"
EndProject
Project("{9A19103F-16F7-4668-BE54-9A1E7A4F7556}") = "3. Golden Books", "3. Golden Books\3. Golden Books.csproj", "{CB458DDB-5DBC-4789-BC25-A139552A4880}"
EndProject
Project("{9A19103F-16F7-4668-BE54-9A1E7A4F7556}") = "4. Books by Price", "4. Books by Price\4. Books by Price.csproj", "{E8B03539-01F6-46EA-822C-F896D58150F6}"
EndProject
Project("{9A19103F-16F7-4668-BE54-9A1E7A4F7556}") = "5. Not Released In", "5. Not Released In\5. Not Released In.csproj", "{0E4FC288-2A71-4B96-AA2A-56692A441016}"
EndProject
Project("{9A19103F-16F7-4668-BE54-9A1E7A4F7556}") = "6. Book Titles by Category", "6. Book Titles by Category\6. Book Titles by Category.csproj", "{C72E24BC-CFE0-49EA-A4AC-9270CAC61F79}"
EndProject
Project("{2150E333-8FDC-42A3-9474-1A3956D46DE8}") = "05.JSON", "05.JSON", "{99B377A6-F767-4CAE-A873-7E28A381D441}"
EndProject
Project("{2150E333-8FDC-42A3-9474-1A3956D46DE8}") = "06.XML", "06.XML", "{40AE9F80-7F05-4F69-9107-09B6BACF332D}"
EndProject
Project("{2150E333-8FDC-42A3-9474-1A3956D46DE8}") = "Entity Core Exam", "Entity Core Exam", "{59A8E4CC-44DE-4250-AB60-E624591C682F}"
EndProject
Project("{FAE04EC0-301F-11D3-BF4B-00C04F79EFBC}") = "04. Employees with Salary Over 50 0000", "04. Employees with Salary Over 50 0000\04. Employees with Salary Over 50 0000.csproj", "{05D333CD-9984-4280-9238-78FC93471043}"
EndProject
Project("{FAE04EC0-301F-11D3-BF4B-00C04F79EFBC}") = "06. Adding a New Address and Updating Employee", "06. Adding a New Address and Updating Employee\06. Adding a New Address and Updating Employee.csproj", "{1F03E965-3616-4159-92C8-B34177B35436}"
EndProject
Project("{FAE04EC0-301F-11D3-BF4B-00C04F79EFBC}") = "07. Employees and Projects", "07. Employees and Projects\07. Employees and Projects.csproj", "{B51210B6-E832-416E-B29C-A8959A96EE70}"
EndProject
Project("{FAE04EC0-301F-11D3-BF4B-00C04F79EFBC}") = "08. Addresses by Town", "08. Addresses by Town\08. Addresses by Town.csproj", "{3625E447-1AFE-4E6A-BA19-1D5FB5C58471}"
EndProject
Global
	GlobalSection(SolutionConfigurationPlatforms) = preSolution
		Debug|Any CPU = Debug|Any CPU
		Release|Any CPU = Release|Any CPU
	EndGlobalSection
	GlobalSection(ProjectConfigurationPlatforms) = postSolution
		{88B6A134-8D22-4A9A-B546-0325B73B75A4}.Debug|Any CPU.ActiveCfg = Debug|Any CPU
		{88B6A134-8D22-4A9A-B546-0325B73B75A4}.Debug|Any CPU.Build.0 = Debug|Any CPU
		{88B6A134-8D22-4A9A-B546-0325B73B75A4}.Release|Any CPU.ActiveCfg = Release|Any CPU
		{88B6A134-8D22-4A9A-B546-0325B73B75A4}.Release|Any CPU.Build.0 = Release|Any CPU
		{D16D256C-110F-4B5E-866F-DB590549C6CF}.Debug|Any CPU.ActiveCfg = Debug|Any CPU
		{D16D256C-110F-4B5E-866F-DB590549C6CF}.Debug|Any CPU.Build.0 = Debug|Any CPU
		{D16D256C-110F-4B5E-866F-DB590549C6CF}.Release|Any CPU.ActiveCfg = Release|Any CPU
		{D16D256C-110F-4B5E-866F-DB590549C6CF}.Release|Any CPU.Build.0 = Release|Any CPU
		{15F3791C-9E10-4857-A279-CD2F8283BAF1}.Debug|Any CPU.ActiveCfg = Debug|Any CPU
		{15F3791C-9E10-4857-A279-CD2F8283BAF1}.Debug|Any CPU.Build.0 = Debug|Any CPU
		{15F3791C-9E10-4857-A279-CD2F8283BAF1}.Release|Any CPU.ActiveCfg = Release|Any CPU
		{15F3791C-9E10-4857-A279-CD2F8283BAF1}.Release|Any CPU.Build.0 = Release|Any CPU
		{AA61BC3B-D5B8-4A9A-88D5-59562450C53B}.Debug|Any CPU.ActiveCfg = Debug|Any CPU
		{AA61BC3B-D5B8-4A9A-88D5-59562450C53B}.Debug|Any CPU.Build.0 = Debug|Any CPU
		{AA61BC3B-D5B8-4A9A-88D5-59562450C53B}.Release|Any CPU.ActiveCfg = Release|Any CPU
		{AA61BC3B-D5B8-4A9A-88D5-59562450C53B}.Release|Any CPU.Build.0 = Release|Any CPU
		{3A0F695A-035B-4450-9919-B689811A63C8}.Debug|Any CPU.ActiveCfg = Debug|Any CPU
		{3A0F695A-035B-4450-9919-B689811A63C8}.Debug|Any CPU.Build.0 = Debug|Any CPU
		{3A0F695A-035B-4450-9919-B689811A63C8}.Release|Any CPU.ActiveCfg = Release|Any CPU
		{3A0F695A-035B-4450-9919-B689811A63C8}.Release|Any CPU.Build.0 = Release|Any CPU
		{2364C693-1DF8-4967-B6C5-1316C10B0294}.Debug|Any CPU.ActiveCfg = Debug|Any CPU
		{2364C693-1DF8-4967-B6C5-1316C10B0294}.Debug|Any CPU.Build.0 = Debug|Any CPU
		{2364C693-1DF8-4967-B6C5-1316C10B0294}.Release|Any CPU.ActiveCfg = Release|Any CPU
		{2364C693-1DF8-4967-B6C5-1316C10B0294}.Release|Any CPU.Build.0 = Release|Any CPU
		{23FB05F3-1210-4055-AB1E-FEEB7872088F}.Debug|Any CPU.ActiveCfg = Debug|Any CPU
		{23FB05F3-1210-4055-AB1E-FEEB7872088F}.Debug|Any CPU.Build.0 = Debug|Any CPU
		{23FB05F3-1210-4055-AB1E-FEEB7872088F}.Release|Any CPU.ActiveCfg = Release|Any CPU
		{23FB05F3-1210-4055-AB1E-FEEB7872088F}.Release|Any CPU.Build.0 = Release|Any CPU
		{CB458DDB-5DBC-4789-BC25-A139552A4880}.Debug|Any CPU.ActiveCfg = Debug|Any CPU
		{CB458DDB-5DBC-4789-BC25-A139552A4880}.Debug|Any CPU.Build.0 = Debug|Any CPU
		{CB458DDB-5DBC-4789-BC25-A139552A4880}.Release|Any CPU.ActiveCfg = Release|Any CPU
		{CB458DDB-5DBC-4789-BC25-A139552A4880}.Release|Any CPU.Build.0 = Release|Any CPU
		{E8B03539-01F6-46EA-822C-F896D58150F6}.Debug|Any CPU.ActiveCfg = Debug|Any CPU
		{E8B03539-01F6-46EA-822C-F896D58150F6}.Debug|Any CPU.Build.0 = Debug|Any CPU
		{E8B03539-01F6-46EA-822C-F896D58150F6}.Release|Any CPU.ActiveCfg = Release|Any CPU
		{E8B03539-01F6-46EA-822C-F896D58150F6}.Release|Any CPU.Build.0 = Release|Any CPU
		{0E4FC288-2A71-4B96-AA2A-56692A441016}.Debug|Any CPU.ActiveCfg = Debug|Any CPU
		{0E4FC288-2A71-4B96-AA2A-56692A441016}.Debug|Any CPU.Build.0 = Debug|Any CPU
		{0E4FC288-2A71-4B96-AA2A-56692A441016}.Release|Any CPU.ActiveCfg = Release|Any CPU
		{0E4FC288-2A71-4B96-AA2A-56692A441016}.Release|Any CPU.Build.0 = Release|Any CPU
		{C72E24BC-CFE0-49EA-A4AC-9270CAC61F79}.Debug|Any CPU.ActiveCfg = Debug|Any CPU
		{C72E24BC-CFE0-49EA-A4AC-9270CAC61F79}.Debug|Any CPU.Build.0 = Debug|Any CPU
		{C72E24BC-CFE0-49EA-A4AC-9270CAC61F79}.Release|Any CPU.ActiveCfg = Release|Any CPU
		{C72E24BC-CFE0-49EA-A4AC-9270CAC61F79}.Release|Any CPU.Build.0 = Release|Any CPU
		{05D333CD-9984-4280-9238-78FC93471043}.Debug|Any CPU.ActiveCfg = Debug|Any CPU
		{05D333CD-9984-4280-9238-78FC93471043}.Debug|Any CPU.Build.0 = Debug|Any CPU
		{05D333CD-9984-4280-9238-78FC93471043}.Release|Any CPU.ActiveCfg = Release|Any CPU
		{05D333CD-9984-4280-9238-78FC93471043}.Release|Any CPU.Build.0 = Release|Any CPU
		{1F03E965-3616-4159-92C8-B34177B35436}.Debug|Any CPU.ActiveCfg = Debug|Any CPU
		{1F03E965-3616-4159-92C8-B34177B35436}.Debug|Any CPU.Build.0 = Debug|Any CPU
		{1F03E965-3616-4159-92C8-B34177B35436}.Release|Any CPU.ActiveCfg = Release|Any CPU
		{1F03E965-3616-4159-92C8-B34177B35436}.Release|Any CPU.Build.0 = Release|Any CPU
		{B51210B6-E832-416E-B29C-A8959A96EE70}.Debug|Any CPU.ActiveCfg = Debug|Any CPU
		{B51210B6-E832-416E-B29C-A8959A96EE70}.Debug|Any CPU.Build.0 = Debug|Any CPU
		{B51210B6-E832-416E-B29C-A8959A96EE70}.Release|Any CPU.ActiveCfg = Release|Any CPU
		{B51210B6-E832-416E-B29C-A8959A96EE70}.Release|Any CPU.Build.0 = Release|Any CPU
		{3625E447-1AFE-4E6A-BA19-1D5FB5C58471}.Debug|Any CPU.ActiveCfg = Debug|Any CPU
		{3625E447-1AFE-4E6A-BA19-1D5FB5C58471}.Debug|Any CPU.Build.0 = Debug|Any CPU
		{3625E447-1AFE-4E6A-BA19-1D5FB5C58471}.Release|Any CPU.ActiveCfg = Release|Any CPU
		{3625E447-1AFE-4E6A-BA19-1D5FB5C58471}.Release|Any CPU.Build.0 = Release|Any CPU
	EndGlobalSection
	GlobalSection(SolutionProperties) = preSolution
		HideSolutionNode = FALSE
	EndGlobalSection
	GlobalSection(NestedProjects) = preSolution
		{88B6A134-8D22-4A9A-B546-0325B73B75A4} = {7445AB09-E08B-47A8-A264-E7DF81D19F9D}
		{D16D256C-110F-4B5E-866F-DB590549C6CF} = {7445AB09-E08B-47A8-A264-E7DF81D19F9D}
		{15F3791C-9E10-4857-A279-CD2F8283BAF1} = {7445AB09-E08B-47A8-A264-E7DF81D19F9D}
		{AA61BC3B-D5B8-4A9A-88D5-59562450C53B} = {6F81E833-37B1-40AD-B99D-2DDEDA926096}
		{3A0F695A-035B-4450-9919-B689811A63C8} = {6F81E833-37B1-40AD-B99D-2DDEDA926096}
		{2364C693-1DF8-4967-B6C5-1316C10B0294} = {6F81E833-37B1-40AD-B99D-2DDEDA926096}
		{23FB05F3-1210-4055-AB1E-FEEB7872088F} = {89D198E6-F041-45F6-A62F-3BF7282954E8}
		{CB458DDB-5DBC-4789-BC25-A139552A4880} = {89D198E6-F041-45F6-A62F-3BF7282954E8}
		{E8B03539-01F6-46EA-822C-F896D58150F6} = {89D198E6-F041-45F6-A62F-3BF7282954E8}
		{0E4FC288-2A71-4B96-AA2A-56692A441016} = {89D198E6-F041-45F6-A62F-3BF7282954E8}
		{C72E24BC-CFE0-49EA-A4AC-9270CAC61F79} = {89D198E6-F041-45F6-A62F-3BF7282954E8}
		{05D333CD-9984-4280-9238-78FC93471043} = {7445AB09-E08B-47A8-A264-E7DF81D19F9D}
		{1F03E965-3616-4159-92C8-B34177B35436} = {7445AB09-E08B-47A8-A264-E7DF81D19F9D}
		{B51210B6-E832-416E-B29C-A8959A96EE70} = {7445AB09-E08B-47A8-A264-E7DF81D19F9D}
		{3625E447-1AFE-4E6A-BA19-1D5FB5C58471} = {7445AB09-E08B-47A8-A264-E7DF81D19F9D}
	EndGlobalSection
	GlobalSection(ExtensibilityGlobals) = postSolution
		SolutionGuid = {1CC71B4E-944F-40B9-BE0C-C22125D050E4}
	EndGlobalSection
EndGlobal
