
Microsoft Visual Studio Solution File, Format Version 12.00
# Visual Studio Version 17
VisualStudioVersion = 17.4.33205.214
MinimumVisualStudioVersion = 10.0.40219.1
Project("{2150E333-8FDC-42A3-9474-1A3956D46DE8}") = "01.Entity Framework Introduction", "01.Entity Framework Introduction", "{7445AB09-E08B-47A8-A264-E7DF81D19F9D}"
EndProject
Project("{9A19103F-16F7-4668-BE54-9A1E7A4F7556}") = "03. Employees Full Information", "03. Employees Full Information\03. Employees Full Information.csproj", "{D16D256C-110F-4B5E-866F-DB590549C6CF}"
EndProject
Project("{2150E333-8FDC-42A3-9474-1A3956D46DE8}") = "ADO.NET", "ADO.NET", "{0B3401EF-041B-48A2-8070-EEA1B8F3A8C1}"
EndProject
Project("{9A19103F-16F7-4668-BE54-9A1E7A4F7556}") = "05. Employees from Research and Development", "05. Employees from Research and Development\05. Employees from Research and Development.csproj", "{15F3791C-9E10-4857-A279-CD2F8283BAF1}"
EndProject
Project("{2150E333-8FDC-42A3-9474-1A3956D46DE8}") = "02.Entity Relations", "02.Entity Relations", "{D8282476-C6B1-405A-BC9B-7719343FCE4A}"
EndProject
Project("{2150E333-8FDC-42A3-9474-1A3956D46DE8}") = "03.LINQ", "03.LINQ", "{6F81E833-37B1-40AD-B99D-2DDEDA926096}"
EndProject
Project("{9A19103F-16F7-4668-BE54-9A1E7A4F7556}") = "01. MusicHub Database", "01. MusicHub Database\01. MusicHub Database.csproj", "{AA61BC3B-D5B8-4A9A-88D5-59562450C53B}"
EndProject
Project("{9A19103F-16F7-4668-BE54-9A1E7A4F7556}") = "02. Albums Info", "02. Albums Info\02. Albums Info.csproj", "{3A0F695A-035B-4450-9919-B689811A63C8}"
EndProject
Project("{9A19103F-16F7-4668-BE54-9A1E7A4F7556}") = "03. Songs Above Duration", "03. Songs Above Duration\03. Songs Above Duration.csproj", "{2364C693-1DF8-4967-B6C5-1316C10B0294}"
EndProject
Project("{2150E333-8FDC-42A3-9474-1A3956D46DE8}") = "04.Advanced Querying", "04.Advanced Querying", "{89D198E6-F041-45F6-A62F-3BF7282954E8}"
EndProject
Project("{9A19103F-16F7-4668-BE54-9A1E7A4F7556}") = "2. Age Restriction", "2. Age Restriction\2. Age Restriction.csproj", "{23FB05F3-1210-4055-AB1E-FEEB7872088F}"
EndProject
Project("{9A19103F-16F7-4668-BE54-9A1E7A4F7556}") = "3. Golden Books", "3. Golden Books\3. Golden Books.csproj", "{CB458DDB-5DBC-4789-BC25-A139552A4880}"
EndProject
Project("{9A19103F-16F7-4668-BE54-9A1E7A4F7556}") = "4. Books by Price", "4. Books by Price\4. Books by Price.csproj", "{E8B03539-01F6-46EA-822C-F896D58150F6}"
EndProject
Project("{9A19103F-16F7-4668-BE54-9A1E7A4F7556}") = "5. Not Released In", "5. Not Released In\5. Not Released In.csproj", "{0E4FC288-2A71-4B96-AA2A-56692A441016}"
EndProject
Project("{9A19103F-16F7-4668-BE54-9A1E7A4F7556}") = "6. Book Titles by Category", "6. Book Titles by Category\6. Book Titles by Category.csproj", "{C72E24BC-CFE0-49EA-A4AC-9270CAC61F79}"
EndProject
Project("{2150E333-8FDC-42A3-9474-1A3956D46DE8}") = "05.JSON", "05.JSON", "{99B377A6-F767-4CAE-A873-7E28A381D441}"
EndProject
Project("{2150E333-8FDC-42A3-9474-1A3956D46DE8}") = "06.XML", "06.XML", "{40AE9F80-7F05-4F69-9107-09B6BACF332D}"
EndProject
Project("{2150E333-8FDC-42A3-9474-1A3956D46DE8}") = "Entity Core Exam", "Entity Core Exam", "{59A8E4CC-44DE-4250-AB60-E624591C682F}"
EndProject
Project("{9A19103F-16F7-4668-BE54-9A1E7A4F7556}") = "06. Adding a New Address and Updating Employee", "06. Adding a New Address and Updating Employee\06. Adding a New Address and Updating Employee.csproj", "{1F03E965-3616-4159-92C8-B34177B35436}"
EndProject
Project("{9A19103F-16F7-4668-BE54-9A1E7A4F7556}") = "07. Employees and Projects", "07. Employees and Projects\07. Employees and Projects.csproj", "{B51210B6-E832-416E-B29C-A8959A96EE70}"
EndProject
Project("{9A19103F-16F7-4668-BE54-9A1E7A4F7556}") = "08. Addresses by Town", "08. Addresses by Town\08. Addresses by Town.csproj", "{3625E447-1AFE-4E6A-BA19-1D5FB5C58471}"
EndProject
Project("{9A19103F-16F7-4668-BE54-9A1E7A4F7556}") = "AdoNet", "AdoNet\AdoNet.csproj", "{ECB80374-CF27-4043-9F07-C8532B960D60}"
EndProject
Project("{9A19103F-16F7-4668-BE54-9A1E7A4F7556}") = "09. Employee 147", "09. Employee 147\09. Employee 147.csproj", "{CE81ECFD-0574-404B-B96C-FE4596BAEB9B}"
EndProject
Project("{9A19103F-16F7-4668-BE54-9A1E7A4F7556}") = "10. Departments with More Than 5 Employees", "10. Departments with More Than 5 Employees\10. Departments with More Than 5 Employees.csproj", "{F3ADE3AA-A771-4E93-A082-590BDFD4047B}"
EndProject
Project("{9A19103F-16F7-4668-BE54-9A1E7A4F7556}") = "11. Find Latest 10 Projects", "11. Find Latest 10 Projects\11. Find Latest 10 Projects.csproj", "{ABA754C3-E903-4D89-935F-CBAF82B2E569}"
EndProject
Project("{9A19103F-16F7-4668-BE54-9A1E7A4F7556}") = "12. Increase Salaries", "12. Increase Salaries\12. Increase Salaries.csproj", "{0AF8FC0A-534C-48C5-94D1-0489B9EC526B}"
EndProject
Project("{9A19103F-16F7-4668-BE54-9A1E7A4F7556}") = "13. Find Employees by First Name Starting With Sa", "13. Find Employees by First Name Starting With Sa\13. Find Employees by First Name Starting With Sa.csproj", "{B07BD320-38D2-4D1F-AA8D-B37A4EC98954}"
EndProject
Project("{9A19103F-16F7-4668-BE54-9A1E7A4F7556}") = "14. Delete Project by Id", "14. Delete Project by Id\14. Delete Project by Id.csproj", "{D905D2B2-28DA-4D7C-A6F3-B8F48CF531A1}"
EndProject
Project("{9A19103F-16F7-4668-BE54-9A1E7A4F7556}") = "15. Remove Town", "15. Remove Town\15. Remove Town.csproj", "{13187C98-7942-4B2D-BC0F-ADA8EFF0773B}"
EndProject
Project("{9A19103F-16F7-4668-BE54-9A1E7A4F7556}") = "SoftUni", "SoftUni\SoftUni.csproj", "{97A4643E-2790-4553-8422-6B1730B00BDB}"
EndProject
Project("{9A19103F-16F7-4668-BE54-9A1E7A4F7556}") = "MoiteRecepti", "MoiteRecepti\MoiteRecepti.csproj", "{16E7F770-2BAA-4D50-8696-378A8B2D987C}"
EndProject
Project("{FAE04EC0-301F-11D3-BF4B-00C04F79EFBC}") = "1. Student System", "1. Student System\1. Student System.csproj", "{856DA3AD-2F60-4629-905D-F606B55622E4}"
EndProject
Project("{FAE04EC0-301F-11D3-BF4B-00C04F79EFBC}") = "3. Football Betting", "3. Football Betting\3. Football Betting.csproj", "{B3A26322-0E73-4438-B258-E5F8EB83138B}"
EndProject
Project("{FAE04EC0-301F-11D3-BF4B-00C04F79EFBC}") = "7. Released Before Date", "7. Released Before Date\7. Released Before Date.csproj", "{987E316D-B69D-4A90-81D7-EDB960984C93}"
EndProject
Project("{FAE04EC0-301F-11D3-BF4B-00C04F79EFBC}") = "8. Author Search", "8. Author Search\8. Author Search.csproj", "{DD6BF9BB-1B47-4450-9970-43CAD896050B}"
EndProject
Project("{FAE04EC0-301F-11D3-BF4B-00C04F79EFBC}") = "9. Book Search", "9. Book Search\9. Book Search.csproj", "{B513C291-F4EA-424A-83C9-5759E89CA104}"
EndProject
Project("{FAE04EC0-301F-11D3-BF4B-00C04F79EFBC}") = "10. Book Search by Author", "10. Book Search by Author\10. Book Search by Author.csproj", "{FD225218-4C68-4947-A8A3-6F12EA4E8515}"
EndProject
Project("{FAE04EC0-301F-11D3-BF4B-00C04F79EFBC}") = "11. Count Books", "11. Count Books\11. Count Books.csproj", "{0990A348-5334-4F15-AFDD-E6418AD551AD}"
EndProject
Project("{FAE04EC0-301F-11D3-BF4B-00C04F79EFBC}") = "12. Total Book Copies", "12. Total Book Copies\12. Total Book Copies.csproj", "{4FF9815E-DCCF-4636-9970-ED75610420DA}"
EndProject
Project("{FAE04EC0-301F-11D3-BF4B-00C04F79EFBC}") = "13. Profit by Category", "13. Profit by Category\13. Profit by Category.csproj", "{3E01879B-53DB-446A-8994-0129DF174CB6}"
EndProject
Project("{FAE04EC0-301F-11D3-BF4B-00C04F79EFBC}") = "14. Most Recent Books", "14. Most Recent Books\14. Most Recent Books.csproj", "{20736376-7C2B-466A-AE73-ADA294DA9E2E}"
EndProject
Project("{FAE04EC0-301F-11D3-BF4B-00C04F79EFBC}") = "15. Increase Prices", "15. Increase Prices\15. Increase Prices.csproj", "{AC04C1AA-640E-489D-A33A-8071BC449988}"
EndProject
Project("{FAE04EC0-301F-11D3-BF4B-00C04F79EFBC}") = "16. Remove Books", "16. Remove Books\16. Remove Books.csproj", "{CE82D05F-754F-4FF5-83EC-AF676225CF56}"
EndProject
Global
	GlobalSection(SolutionConfigurationPlatforms) = preSolution
		Debug|Any CPU = Debug|Any CPU
		Release|Any CPU = Release|Any CPU
	EndGlobalSection
	GlobalSection(ProjectConfigurationPlatforms) = postSolution
		{D16D256C-110F-4B5E-866F-DB590549C6CF}.Debug|Any CPU.ActiveCfg = Debug|Any CPU
		{D16D256C-110F-4B5E-866F-DB590549C6CF}.Debug|Any CPU.Build.0 = Debug|Any CPU
		{D16D256C-110F-4B5E-866F-DB590549C6CF}.Release|Any CPU.ActiveCfg = Release|Any CPU
		{D16D256C-110F-4B5E-866F-DB590549C6CF}.Release|Any CPU.Build.0 = Release|Any CPU
		{15F3791C-9E10-4857-A279-CD2F8283BAF1}.Debug|Any CPU.ActiveCfg = Debug|Any CPU
		{15F3791C-9E10-4857-A279-CD2F8283BAF1}.Debug|Any CPU.Build.0 = Debug|Any CPU
		{15F3791C-9E10-4857-A279-CD2F8283BAF1}.Release|Any CPU.ActiveCfg = Release|Any CPU
		{15F3791C-9E10-4857-A279-CD2F8283BAF1}.Release|Any CPU.Build.0 = Release|Any CPU
		{AA61BC3B-D5B8-4A9A-88D5-59562450C53B}.Debug|Any CPU.ActiveCfg = Debug|Any CPU
		{AA61BC3B-D5B8-4A9A-88D5-59562450C53B}.Debug|Any CPU.Build.0 = Debug|Any CPU
		{AA61BC3B-D5B8-4A9A-88D5-59562450C53B}.Release|Any CPU.ActiveCfg = Release|Any CPU
		{AA61BC3B-D5B8-4A9A-88D5-59562450C53B}.Release|Any CPU.Build.0 = Release|Any CPU
		{3A0F695A-035B-4450-9919-B689811A63C8}.Debug|Any CPU.ActiveCfg = Debug|Any CPU
		{3A0F695A-035B-4450-9919-B689811A63C8}.Debug|Any CPU.Build.0 = Debug|Any CPU
		{3A0F695A-035B-4450-9919-B689811A63C8}.Release|Any CPU.ActiveCfg = Release|Any CPU
		{3A0F695A-035B-4450-9919-B689811A63C8}.Release|Any CPU.Build.0 = Release|Any CPU
		{2364C693-1DF8-4967-B6C5-1316C10B0294}.Debug|Any CPU.ActiveCfg = Debug|Any CPU
		{2364C693-1DF8-4967-B6C5-1316C10B0294}.Debug|Any CPU.Build.0 = Debug|Any CPU
		{2364C693-1DF8-4967-B6C5-1316C10B0294}.Release|Any CPU.ActiveCfg = Release|Any CPU
		{2364C693-1DF8-4967-B6C5-1316C10B0294}.Release|Any CPU.Build.0 = Release|Any CPU
		{23FB05F3-1210-4055-AB1E-FEEB7872088F}.Debug|Any CPU.ActiveCfg = Debug|Any CPU
		{23FB05F3-1210-4055-AB1E-FEEB7872088F}.Debug|Any CPU.Build.0 = Debug|Any CPU
		{23FB05F3-1210-4055-AB1E-FEEB7872088F}.Release|Any CPU.ActiveCfg = Release|Any CPU
		{23FB05F3-1210-4055-AB1E-FEEB7872088F}.Release|Any CPU.Build.0 = Release|Any CPU
		{CB458DDB-5DBC-4789-BC25-A139552A4880}.Debug|Any CPU.ActiveCfg = Debug|Any CPU
		{CB458DDB-5DBC-4789-BC25-A139552A4880}.Debug|Any CPU.Build.0 = Debug|Any CPU
		{CB458DDB-5DBC-4789-BC25-A139552A4880}.Release|Any CPU.ActiveCfg = Release|Any CPU
		{CB458DDB-5DBC-4789-BC25-A139552A4880}.Release|Any CPU.Build.0 = Release|Any CPU
		{E8B03539-01F6-46EA-822C-F896D58150F6}.Debug|Any CPU.ActiveCfg = Debug|Any CPU
		{E8B03539-01F6-46EA-822C-F896D58150F6}.Debug|Any CPU.Build.0 = Debug|Any CPU
		{E8B03539-01F6-46EA-822C-F896D58150F6}.Release|Any CPU.ActiveCfg = Release|Any CPU
		{E8B03539-01F6-46EA-822C-F896D58150F6}.Release|Any CPU.Build.0 = Release|Any CPU
		{0E4FC288-2A71-4B96-AA2A-56692A441016}.Debug|Any CPU.ActiveCfg = Debug|Any CPU
		{0E4FC288-2A71-4B96-AA2A-56692A441016}.Debug|Any CPU.Build.0 = Debug|Any CPU
		{0E4FC288-2A71-4B96-AA2A-56692A441016}.Release|Any CPU.ActiveCfg = Release|Any CPU
		{0E4FC288-2A71-4B96-AA2A-56692A441016}.Release|Any CPU.Build.0 = Release|Any CPU
		{C72E24BC-CFE0-49EA-A4AC-9270CAC61F79}.Debug|Any CPU.ActiveCfg = Debug|Any CPU
		{C72E24BC-CFE0-49EA-A4AC-9270CAC61F79}.Debug|Any CPU.Build.0 = Debug|Any CPU
		{C72E24BC-CFE0-49EA-A4AC-9270CAC61F79}.Release|Any CPU.ActiveCfg = Release|Any CPU
		{C72E24BC-CFE0-49EA-A4AC-9270CAC61F79}.Release|Any CPU.Build.0 = Release|Any CPU
		{1F03E965-3616-4159-92C8-B34177B35436}.Debug|Any CPU.ActiveCfg = Debug|Any CPU
		{1F03E965-3616-4159-92C8-B34177B35436}.Debug|Any CPU.Build.0 = Debug|Any CPU
		{1F03E965-3616-4159-92C8-B34177B35436}.Release|Any CPU.ActiveCfg = Release|Any CPU
		{1F03E965-3616-4159-92C8-B34177B35436}.Release|Any CPU.Build.0 = Release|Any CPU
		{B51210B6-E832-416E-B29C-A8959A96EE70}.Debug|Any CPU.ActiveCfg = Debug|Any CPU
		{B51210B6-E832-416E-B29C-A8959A96EE70}.Debug|Any CPU.Build.0 = Debug|Any CPU
		{B51210B6-E832-416E-B29C-A8959A96EE70}.Release|Any CPU.ActiveCfg = Release|Any CPU
		{B51210B6-E832-416E-B29C-A8959A96EE70}.Release|Any CPU.Build.0 = Release|Any CPU
		{3625E447-1AFE-4E6A-BA19-1D5FB5C58471}.Debug|Any CPU.ActiveCfg = Debug|Any CPU
		{3625E447-1AFE-4E6A-BA19-1D5FB5C58471}.Debug|Any CPU.Build.0 = Debug|Any CPU
		{3625E447-1AFE-4E6A-BA19-1D5FB5C58471}.Release|Any CPU.ActiveCfg = Release|Any CPU
		{3625E447-1AFE-4E6A-BA19-1D5FB5C58471}.Release|Any CPU.Build.0 = Release|Any CPU
		{ECB80374-CF27-4043-9F07-C8532B960D60}.Debug|Any CPU.ActiveCfg = Debug|Any CPU
		{ECB80374-CF27-4043-9F07-C8532B960D60}.Debug|Any CPU.Build.0 = Debug|Any CPU
		{ECB80374-CF27-4043-9F07-C8532B960D60}.Release|Any CPU.ActiveCfg = Release|Any CPU
		{ECB80374-CF27-4043-9F07-C8532B960D60}.Release|Any CPU.Build.0 = Release|Any CPU
		{CE81ECFD-0574-404B-B96C-FE4596BAEB9B}.Debug|Any CPU.ActiveCfg = Debug|Any CPU
		{CE81ECFD-0574-404B-B96C-FE4596BAEB9B}.Debug|Any CPU.Build.0 = Debug|Any CPU
		{CE81ECFD-0574-404B-B96C-FE4596BAEB9B}.Release|Any CPU.ActiveCfg = Release|Any CPU
		{CE81ECFD-0574-404B-B96C-FE4596BAEB9B}.Release|Any CPU.Build.0 = Release|Any CPU
		{F3ADE3AA-A771-4E93-A082-590BDFD4047B}.Debug|Any CPU.ActiveCfg = Debug|Any CPU
		{F3ADE3AA-A771-4E93-A082-590BDFD4047B}.Debug|Any CPU.Build.0 = Debug|Any CPU
		{F3ADE3AA-A771-4E93-A082-590BDFD4047B}.Release|Any CPU.ActiveCfg = Release|Any CPU
		{F3ADE3AA-A771-4E93-A082-590BDFD4047B}.Release|Any CPU.Build.0 = Release|Any CPU
		{ABA754C3-E903-4D89-935F-CBAF82B2E569}.Debug|Any CPU.ActiveCfg = Debug|Any CPU
		{ABA754C3-E903-4D89-935F-CBAF82B2E569}.Debug|Any CPU.Build.0 = Debug|Any CPU
		{ABA754C3-E903-4D89-935F-CBAF82B2E569}.Release|Any CPU.ActiveCfg = Release|Any CPU
		{ABA754C3-E903-4D89-935F-CBAF82B2E569}.Release|Any CPU.Build.0 = Release|Any CPU
		{0AF8FC0A-534C-48C5-94D1-0489B9EC526B}.Debug|Any CPU.ActiveCfg = Debug|Any CPU
		{0AF8FC0A-534C-48C5-94D1-0489B9EC526B}.Debug|Any CPU.Build.0 = Debug|Any CPU
		{0AF8FC0A-534C-48C5-94D1-0489B9EC526B}.Release|Any CPU.ActiveCfg = Release|Any CPU
		{0AF8FC0A-534C-48C5-94D1-0489B9EC526B}.Release|Any CPU.Build.0 = Release|Any CPU
		{B07BD320-38D2-4D1F-AA8D-B37A4EC98954}.Debug|Any CPU.ActiveCfg = Debug|Any CPU
		{B07BD320-38D2-4D1F-AA8D-B37A4EC98954}.Debug|Any CPU.Build.0 = Debug|Any CPU
		{B07BD320-38D2-4D1F-AA8D-B37A4EC98954}.Release|Any CPU.ActiveCfg = Release|Any CPU
		{B07BD320-38D2-4D1F-AA8D-B37A4EC98954}.Release|Any CPU.Build.0 = Release|Any CPU
		{D905D2B2-28DA-4D7C-A6F3-B8F48CF531A1}.Debug|Any CPU.ActiveCfg = Debug|Any CPU
		{D905D2B2-28DA-4D7C-A6F3-B8F48CF531A1}.Debug|Any CPU.Build.0 = Debug|Any CPU
		{D905D2B2-28DA-4D7C-A6F3-B8F48CF531A1}.Release|Any CPU.ActiveCfg = Release|Any CPU
		{D905D2B2-28DA-4D7C-A6F3-B8F48CF531A1}.Release|Any CPU.Build.0 = Release|Any CPU
		{13187C98-7942-4B2D-BC0F-ADA8EFF0773B}.Debug|Any CPU.ActiveCfg = Debug|Any CPU
		{13187C98-7942-4B2D-BC0F-ADA8EFF0773B}.Debug|Any CPU.Build.0 = Debug|Any CPU
		{13187C98-7942-4B2D-BC0F-ADA8EFF0773B}.Release|Any CPU.ActiveCfg = Release|Any CPU
		{13187C98-7942-4B2D-BC0F-ADA8EFF0773B}.Release|Any CPU.Build.0 = Release|Any CPU
		{97A4643E-2790-4553-8422-6B1730B00BDB}.Debug|Any CPU.ActiveCfg = Debug|Any CPU
		{97A4643E-2790-4553-8422-6B1730B00BDB}.Debug|Any CPU.Build.0 = Debug|Any CPU
		{97A4643E-2790-4553-8422-6B1730B00BDB}.Release|Any CPU.ActiveCfg = Release|Any CPU
		{97A4643E-2790-4553-8422-6B1730B00BDB}.Release|Any CPU.Build.0 = Release|Any CPU
		{16E7F770-2BAA-4D50-8696-378A8B2D987C}.Debug|Any CPU.ActiveCfg = Debug|Any CPU
		{16E7F770-2BAA-4D50-8696-378A8B2D987C}.Debug|Any CPU.Build.0 = Debug|Any CPU
		{16E7F770-2BAA-4D50-8696-378A8B2D987C}.Release|Any CPU.ActiveCfg = Release|Any CPU
		{16E7F770-2BAA-4D50-8696-378A8B2D987C}.Release|Any CPU.Build.0 = Release|Any CPU
		{856DA3AD-2F60-4629-905D-F606B55622E4}.Debug|Any CPU.ActiveCfg = Debug|Any CPU
		{856DA3AD-2F60-4629-905D-F606B55622E4}.Debug|Any CPU.Build.0 = Debug|Any CPU
		{856DA3AD-2F60-4629-905D-F606B55622E4}.Release|Any CPU.ActiveCfg = Release|Any CPU
		{856DA3AD-2F60-4629-905D-F606B55622E4}.Release|Any CPU.Build.0 = Release|Any CPU
		{B3A26322-0E73-4438-B258-E5F8EB83138B}.Debug|Any CPU.ActiveCfg = Debug|Any CPU
		{B3A26322-0E73-4438-B258-E5F8EB83138B}.Debug|Any CPU.Build.0 = Debug|Any CPU
		{B3A26322-0E73-4438-B258-E5F8EB83138B}.Release|Any CPU.ActiveCfg = Release|Any CPU
		{B3A26322-0E73-4438-B258-E5F8EB83138B}.Release|Any CPU.Build.0 = Release|Any CPU
		{987E316D-B69D-4A90-81D7-EDB960984C93}.Debug|Any CPU.ActiveCfg = Debug|Any CPU
		{987E316D-B69D-4A90-81D7-EDB960984C93}.Debug|Any CPU.Build.0 = Debug|Any CPU
		{987E316D-B69D-4A90-81D7-EDB960984C93}.Release|Any CPU.ActiveCfg = Release|Any CPU
		{987E316D-B69D-4A90-81D7-EDB960984C93}.Release|Any CPU.Build.0 = Release|Any CPU
		{DD6BF9BB-1B47-4450-9970-43CAD896050B}.Debug|Any CPU.ActiveCfg = Debug|Any CPU
		{DD6BF9BB-1B47-4450-9970-43CAD896050B}.Debug|Any CPU.Build.0 = Debug|Any CPU
		{DD6BF9BB-1B47-4450-9970-43CAD896050B}.Release|Any CPU.ActiveCfg = Release|Any CPU
		{DD6BF9BB-1B47-4450-9970-43CAD896050B}.Release|Any CPU.Build.0 = Release|Any CPU
		{B513C291-F4EA-424A-83C9-5759E89CA104}.Debug|Any CPU.ActiveCfg = Debug|Any CPU
		{B513C291-F4EA-424A-83C9-5759E89CA104}.Debug|Any CPU.Build.0 = Debug|Any CPU
		{B513C291-F4EA-424A-83C9-5759E89CA104}.Release|Any CPU.ActiveCfg = Release|Any CPU
		{B513C291-F4EA-424A-83C9-5759E89CA104}.Release|Any CPU.Build.0 = Release|Any CPU
		{FD225218-4C68-4947-A8A3-6F12EA4E8515}.Debug|Any CPU.ActiveCfg = Debug|Any CPU
		{FD225218-4C68-4947-A8A3-6F12EA4E8515}.Debug|Any CPU.Build.0 = Debug|Any CPU
		{FD225218-4C68-4947-A8A3-6F12EA4E8515}.Release|Any CPU.ActiveCfg = Release|Any CPU
		{FD225218-4C68-4947-A8A3-6F12EA4E8515}.Release|Any CPU.Build.0 = Release|Any CPU
		{0990A348-5334-4F15-AFDD-E6418AD551AD}.Debug|Any CPU.ActiveCfg = Debug|Any CPU
		{0990A348-5334-4F15-AFDD-E6418AD551AD}.Debug|Any CPU.Build.0 = Debug|Any CPU
		{0990A348-5334-4F15-AFDD-E6418AD551AD}.Release|Any CPU.ActiveCfg = Release|Any CPU
		{0990A348-5334-4F15-AFDD-E6418AD551AD}.Release|Any CPU.Build.0 = Release|Any CPU
		{4FF9815E-DCCF-4636-9970-ED75610420DA}.Debug|Any CPU.ActiveCfg = Debug|Any CPU
		{4FF9815E-DCCF-4636-9970-ED75610420DA}.Debug|Any CPU.Build.0 = Debug|Any CPU
		{4FF9815E-DCCF-4636-9970-ED75610420DA}.Release|Any CPU.ActiveCfg = Release|Any CPU
		{4FF9815E-DCCF-4636-9970-ED75610420DA}.Release|Any CPU.Build.0 = Release|Any CPU
		{3E01879B-53DB-446A-8994-0129DF174CB6}.Debug|Any CPU.ActiveCfg = Debug|Any CPU
		{3E01879B-53DB-446A-8994-0129DF174CB6}.Debug|Any CPU.Build.0 = Debug|Any CPU
		{3E01879B-53DB-446A-8994-0129DF174CB6}.Release|Any CPU.ActiveCfg = Release|Any CPU
		{3E01879B-53DB-446A-8994-0129DF174CB6}.Release|Any CPU.Build.0 = Release|Any CPU
		{20736376-7C2B-466A-AE73-ADA294DA9E2E}.Debug|Any CPU.ActiveCfg = Debug|Any CPU
		{20736376-7C2B-466A-AE73-ADA294DA9E2E}.Debug|Any CPU.Build.0 = Debug|Any CPU
		{20736376-7C2B-466A-AE73-ADA294DA9E2E}.Release|Any CPU.ActiveCfg = Release|Any CPU
		{20736376-7C2B-466A-AE73-ADA294DA9E2E}.Release|Any CPU.Build.0 = Release|Any CPU
		{AC04C1AA-640E-489D-A33A-8071BC449988}.Debug|Any CPU.ActiveCfg = Debug|Any CPU
		{AC04C1AA-640E-489D-A33A-8071BC449988}.Debug|Any CPU.Build.0 = Debug|Any CPU
		{AC04C1AA-640E-489D-A33A-8071BC449988}.Release|Any CPU.ActiveCfg = Release|Any CPU
		{AC04C1AA-640E-489D-A33A-8071BC449988}.Release|Any CPU.Build.0 = Release|Any CPU
		{CE82D05F-754F-4FF5-83EC-AF676225CF56}.Debug|Any CPU.ActiveCfg = Debug|Any CPU
		{CE82D05F-754F-4FF5-83EC-AF676225CF56}.Debug|Any CPU.Build.0 = Debug|Any CPU
		{CE82D05F-754F-4FF5-83EC-AF676225CF56}.Release|Any CPU.ActiveCfg = Release|Any CPU
		{CE82D05F-754F-4FF5-83EC-AF676225CF56}.Release|Any CPU.Build.0 = Release|Any CPU
	EndGlobalSection
	GlobalSection(SolutionProperties) = preSolution
		HideSolutionNode = FALSE
	EndGlobalSection
	GlobalSection(NestedProjects) = preSolution
		{D16D256C-110F-4B5E-866F-DB590549C6CF} = {7445AB09-E08B-47A8-A264-E7DF81D19F9D}
		{15F3791C-9E10-4857-A279-CD2F8283BAF1} = {7445AB09-E08B-47A8-A264-E7DF81D19F9D}
		{AA61BC3B-D5B8-4A9A-88D5-59562450C53B} = {6F81E833-37B1-40AD-B99D-2DDEDA926096}
		{3A0F695A-035B-4450-9919-B689811A63C8} = {6F81E833-37B1-40AD-B99D-2DDEDA926096}
		{2364C693-1DF8-4967-B6C5-1316C10B0294} = {6F81E833-37B1-40AD-B99D-2DDEDA926096}
		{23FB05F3-1210-4055-AB1E-FEEB7872088F} = {89D198E6-F041-45F6-A62F-3BF7282954E8}
		{CB458DDB-5DBC-4789-BC25-A139552A4880} = {89D198E6-F041-45F6-A62F-3BF7282954E8}
		{E8B03539-01F6-46EA-822C-F896D58150F6} = {89D198E6-F041-45F6-A62F-3BF7282954E8}
		{0E4FC288-2A71-4B96-AA2A-56692A441016} = {89D198E6-F041-45F6-A62F-3BF7282954E8}
		{C72E24BC-CFE0-49EA-A4AC-9270CAC61F79} = {89D198E6-F041-45F6-A62F-3BF7282954E8}
		{1F03E965-3616-4159-92C8-B34177B35436} = {7445AB09-E08B-47A8-A264-E7DF81D19F9D}
		{B51210B6-E832-416E-B29C-A8959A96EE70} = {7445AB09-E08B-47A8-A264-E7DF81D19F9D}
		{3625E447-1AFE-4E6A-BA19-1D5FB5C58471} = {7445AB09-E08B-47A8-A264-E7DF81D19F9D}
		{ECB80374-CF27-4043-9F07-C8532B960D60} = {0B3401EF-041B-48A2-8070-EEA1B8F3A8C1}
		{CE81ECFD-0574-404B-B96C-FE4596BAEB9B} = {7445AB09-E08B-47A8-A264-E7DF81D19F9D}
		{F3ADE3AA-A771-4E93-A082-590BDFD4047B} = {7445AB09-E08B-47A8-A264-E7DF81D19F9D}
		{ABA754C3-E903-4D89-935F-CBAF82B2E569} = {7445AB09-E08B-47A8-A264-E7DF81D19F9D}
		{0AF8FC0A-534C-48C5-94D1-0489B9EC526B} = {7445AB09-E08B-47A8-A264-E7DF81D19F9D}
		{B07BD320-38D2-4D1F-AA8D-B37A4EC98954} = {7445AB09-E08B-47A8-A264-E7DF81D19F9D}
		{D905D2B2-28DA-4D7C-A6F3-B8F48CF531A1} = {7445AB09-E08B-47A8-A264-E7DF81D19F9D}
		{13187C98-7942-4B2D-BC0F-ADA8EFF0773B} = {7445AB09-E08B-47A8-A264-E7DF81D19F9D}
		{97A4643E-2790-4553-8422-6B1730B00BDB} = {7445AB09-E08B-47A8-A264-E7DF81D19F9D}
		{16E7F770-2BAA-4D50-8696-378A8B2D987C} = {7445AB09-E08B-47A8-A264-E7DF81D19F9D}
		{856DA3AD-2F60-4629-905D-F606B55622E4} = {D8282476-C6B1-405A-BC9B-7719343FCE4A}
		{B3A26322-0E73-4438-B258-E5F8EB83138B} = {D8282476-C6B1-405A-BC9B-7719343FCE4A}
		{987E316D-B69D-4A90-81D7-EDB960984C93} = {89D198E6-F041-45F6-A62F-3BF7282954E8}
		{DD6BF9BB-1B47-4450-9970-43CAD896050B} = {89D198E6-F041-45F6-A62F-3BF7282954E8}
		{B513C291-F4EA-424A-83C9-5759E89CA104} = {89D198E6-F041-45F6-A62F-3BF7282954E8}
		{FD225218-4C68-4947-A8A3-6F12EA4E8515} = {89D198E6-F041-45F6-A62F-3BF7282954E8}
		{0990A348-5334-4F15-AFDD-E6418AD551AD} = {89D198E6-F041-45F6-A62F-3BF7282954E8}
		{4FF9815E-DCCF-4636-9970-ED75610420DA} = {89D198E6-F041-45F6-A62F-3BF7282954E8}
		{3E01879B-53DB-446A-8994-0129DF174CB6} = {89D198E6-F041-45F6-A62F-3BF7282954E8}
		{20736376-7C2B-466A-AE73-ADA294DA9E2E} = {89D198E6-F041-45F6-A62F-3BF7282954E8}
		{AC04C1AA-640E-489D-A33A-8071BC449988} = {89D198E6-F041-45F6-A62F-3BF7282954E8}
		{CE82D05F-754F-4FF5-83EC-AF676225CF56} = {89D198E6-F041-45F6-A62F-3BF7282954E8}
	EndGlobalSection
	GlobalSection(ExtensibilityGlobals) = postSolution
		SolutionGuid = {1CC71B4E-944F-40B9-BE0C-C22125D050E4}
	EndGlobalSection
EndGlobal
